PODS:
  - CBModel (1.2.0)
  - FBSnapshotTestCase (2.1.4):
    - FBSnapshotTestCase/SwiftSupport (= 2.1.4)
  - FBSnapshotTestCase/Core (2.1.4)
  - FBSnapshotTestCase/SwiftSupport (2.1.4):
    - FBSnapshotTestCase/Core
  - YYModel (1.0.4)

DEPENDENCIES:
  - CBModel (from `../`)
  - FBSnapshotTestCase
  - YYModel

SPEC REPOS:
  trunk:
    - FBSnapshotTestCase
    - YYModel

EXTERNAL SOURCES:
  CBModel:
    :path: "../"

SPEC CHECKSUMS:
  CBModel: f4536b70b7d5dc4eb9486075121b85422c1f4cb2
  FBSnapshotTestCase: 094f9f314decbabe373b87cc339bea235a63e07a
  YYModel: 2a7fdd96aaa4b86a824e26d0c517de8928c04b30

PODFILE CHECKSUM: a8521c983bafad0d9fd25a1e60d790bdfa50aff6

COCOAPODS: 1.16.2
