PODS:
  - CBModel (1.1.0)
  - FBSnapshotTestCase (2.1.4):
    - FBSnapshotTestCase/SwiftSupport (= 2.1.4)
  - FBSnapshotTestCase/Core (2.1.4)
  - FBSnapshotTestCase/SwiftSupport (2.1.4):
    - FBSnapshotTestCase/Core
  - YYModel (1.0.4)

DEPENDENCIES:
  - CBModel (from `../`)
  - FBSnapshotTestCase
  - YYModel

SPEC REPOS:
  trunk:
    - FBSnapshotTestCase
    - YYModel

EXTERNAL SOURCES:
  CBModel:
    :path: "../"

SPEC CHECKSUMS:
  CBModel: 70149bddce8bf4311813954e87f2caa7b468b856
  FBSnapshotTestCase: 094f9f314decbabe373b87cc339bea235a63e07a
  YYModel: 2a7fdd96aaa4b86a824e26d0c517de8928c04b30

PODFILE CHECKSUM: fdd9e2cbec16ce34ee8f616adf720638175e42ff

COCOAPODS: 1.16.2
